
Microsoft Visual Studio Solution File, Format Version 12.00
# Visual Studio Version 16
VisualStudioVersion = 16.0.30114.105
MinimumVisualStudioVersion = 10.0.40219.1
Project("{FAE04EC0-301F-11D3-BF4B-00C04F79EFBC}") = "Server.Mqtt", "Server.Mqtt\Server.Mqtt.csproj", "{1FEF058C-45D1-4F6B-B84C-711B9E5C3C28}"
EndProject
Project("{FAE04EC0-301F-11D3-BF4B-00C04F79EFBC}") = "Server", "Server.Abstraction\Server.csproj", "{93CC955B-3F6F-4980-B351-FF9847A164C0}"
EndProject
Project("{2150E333-8FDC-42A3-9474-1A3956D46DE8}") = "Portal", "Portal", "{717A5123-2DC4-4038-8F35-F6C97789740F}"
EndProject
Project("{FAE04EC0-301F-11D3-BF4B-00C04F79EFBC}") = "API", "Portal\API\API.csproj", "{509FED5A-C49A-482B-9B5F-BD3CE02CF2EA}"
EndProject
Project("{FAE04EC0-301F-11D3-BF4B-00C04F79EFBC}") = "Application", "Portal\Application\Application.csproj", "{A77A6446-179D-4C17-B23D-450524185EB2}"
EndProject
Project("{FAE04EC0-301F-11D3-BF4B-00C04F79EFBC}") = "Domain", "Portal\Domain\Domain.csproj", "{F2FB6DE2-D278-4BF6-92C1-E5AA2DFD6B27}"
EndProject
Project("{2150E333-8FDC-42A3-9474-1A3956D46DE8}") = "Persistence", "Persistence", "{D2D8B388-5CD7-4638-9D01-F8C967BAB986}"
EndProject
Project("{FAE04EC0-301F-11D3-BF4B-00C04F79EFBC}") = "Persistence.Identity", "Portal\Persistence\Persistence.Identity\Persistence.Identity.csproj", "{331D569F-D4DA-4DDA-8BA5-9A3EA9C53772}"
EndProject
Project("{FAE04EC0-301F-11D3-BF4B-00C04F79EFBC}") = "Persistence.Portal", "Portal\Persistence\Persistence.Portal\Persistence.Portal.csproj", "{D99A08D9-DA62-4F57-9516-B05E11A12EE4}"
EndProject
Project("{2150E333-8FDC-42A3-9474-1A3956D46DE8}") = "Tests", "Tests", "{D9D64ED4-711D-4330-BE62-D6991B52C76C}"
EndProject
Project("{FAE04EC0-301F-11D3-BF4B-00C04F79EFBC}") = "APIServer.API.Tests", "Portal\Tests\APIServer.API\APIServer.API.Tests.csproj", "{F3453AE6-90E4-41B1-A31B-DEC4123F8422}"
EndProject
Project("{FAE04EC0-301F-11D3-BF4B-00C04F79EFBC}") = "APIServer.Apilication.IntegrationTests", "Portal\Tests\APIServer.Aplication.Integration\APIServer.Apilication.IntegrationTests.csproj", "{5A0A54AC-473E-4C3B-9C79-97D0149DAC6E}"
EndProject
Project("{FAE04EC0-301F-11D3-BF4B-00C04F79EFBC}") = "APIServer.Aplication.UnitTests", "Portal\Tests\APIServer.Aplication.Unit\APIServer.Aplication.UnitTests.csproj", "{15D2EA22-A4F7-4806-8D8C-227A450BCF50}"
EndProject
Project("{2150E333-8FDC-42A3-9474-1A3956D46DE8}") = "Electron", "Electron", "{481A94EB-7E38-4262-8CEC-B550CB7B80A0}"
EndProject
Project("{FAE04EC0-301F-11D3-BF4B-00C04F79EFBC}") = "ElectronNET.CLI", "Electron\ElectronNET.CLI\ElectronNET.CLI.csproj", "{0F9B03FF-CD3C-4019-A3F5-6D67413639E4}"
EndProject
Project("{9A19103F-16F7-4668-BE54-9A1E7A4F7556}") = "_build", "..\build\_build.csproj", "{D45EB033-901F-4D98-B99C-9460156FF7ED}"
EndProject
Project("{9A19103F-16F7-4668-BE54-9A1E7A4F7556}") = "_build", "..\.build\_build.csproj", "{56024A09-9EF5-49AB-A15E-DAA6A3FD7CB1}"
EndProject
Global
	GlobalSection(SolutionConfigurationPlatforms) = preSolution
		Debug|Any CPU = Debug|Any CPU
		Release|Any CPU = Release|Any CPU
	EndGlobalSection
	GlobalSection(SolutionProperties) = preSolution
		HideSolutionNode = FALSE
	EndGlobalSection
	GlobalSection(ProjectConfigurationPlatforms) = postSolution
		{56024A09-9EF5-49AB-A15E-DAA6A3FD7CB1}.Debug|Any CPU.ActiveCfg = Debug|Any CPU
		{56024A09-9EF5-49AB-A15E-DAA6A3FD7CB1}.Release|Any CPU.ActiveCfg = Release|Any CPU
		{D45EB033-901F-4D98-B99C-9460156FF7ED}.Debug|Any CPU.ActiveCfg = Debug|Any CPU
		{D45EB033-901F-4D98-B99C-9460156FF7ED}.Release|Any CPU.ActiveCfg = Release|Any CPU
		{1FEF058C-45D1-4F6B-B84C-711B9E5C3C28}.Debug|Any CPU.ActiveCfg = Debug|Any CPU
		{1FEF058C-45D1-4F6B-B84C-711B9E5C3C28}.Debug|Any CPU.Build.0 = Debug|Any CPU
		{1FEF058C-45D1-4F6B-B84C-711B9E5C3C28}.Release|Any CPU.ActiveCfg = Release|Any CPU
		{1FEF058C-45D1-4F6B-B84C-711B9E5C3C28}.Release|Any CPU.Build.0 = Release|Any CPU
		{93CC955B-3F6F-4980-B351-FF9847A164C0}.Debug|Any CPU.ActiveCfg = Debug|Any CPU
		{93CC955B-3F6F-4980-B351-FF9847A164C0}.Debug|Any CPU.Build.0 = Debug|Any CPU
		{93CC955B-3F6F-4980-B351-FF9847A164C0}.Release|Any CPU.ActiveCfg = Release|Any CPU
		{93CC955B-3F6F-4980-B351-FF9847A164C0}.Release|Any CPU.Build.0 = Release|Any CPU
		{509FED5A-C49A-482B-9B5F-BD3CE02CF2EA}.Debug|Any CPU.ActiveCfg = Debug|Any CPU
		{509FED5A-C49A-482B-9B5F-BD3CE02CF2EA}.Debug|Any CPU.Build.0 = Debug|Any CPU
		{509FED5A-C49A-482B-9B5F-BD3CE02CF2EA}.Release|Any CPU.ActiveCfg = Release|Any CPU
		{509FED5A-C49A-482B-9B5F-BD3CE02CF2EA}.Release|Any CPU.Build.0 = Release|Any CPU
		{A77A6446-179D-4C17-B23D-450524185EB2}.Debug|Any CPU.ActiveCfg = Debug|Any CPU
		{A77A6446-179D-4C17-B23D-450524185EB2}.Debug|Any CPU.Build.0 = Debug|Any CPU
		{A77A6446-179D-4C17-B23D-450524185EB2}.Release|Any CPU.ActiveCfg = Release|Any CPU
		{A77A6446-179D-4C17-B23D-450524185EB2}.Release|Any CPU.Build.0 = Release|Any CPU
		{F2FB6DE2-D278-4BF6-92C1-E5AA2DFD6B27}.Debug|Any CPU.ActiveCfg = Debug|Any CPU
		{F2FB6DE2-D278-4BF6-92C1-E5AA2DFD6B27}.Debug|Any CPU.Build.0 = Debug|Any CPU
		{F2FB6DE2-D278-4BF6-92C1-E5AA2DFD6B27}.Release|Any CPU.ActiveCfg = Release|Any CPU
		{F2FB6DE2-D278-4BF6-92C1-E5AA2DFD6B27}.Release|Any CPU.Build.0 = Release|Any CPU
		{331D569F-D4DA-4DDA-8BA5-9A3EA9C53772}.Debug|Any CPU.ActiveCfg = Debug|Any CPU
		{331D569F-D4DA-4DDA-8BA5-9A3EA9C53772}.Debug|Any CPU.Build.0 = Debug|Any CPU
		{331D569F-D4DA-4DDA-8BA5-9A3EA9C53772}.Release|Any CPU.ActiveCfg = Release|Any CPU
		{331D569F-D4DA-4DDA-8BA5-9A3EA9C53772}.Release|Any CPU.Build.0 = Release|Any CPU
		{D99A08D9-DA62-4F57-9516-B05E11A12EE4}.Debug|Any CPU.ActiveCfg = Debug|Any CPU
		{D99A08D9-DA62-4F57-9516-B05E11A12EE4}.Debug|Any CPU.Build.0 = Debug|Any CPU
		{D99A08D9-DA62-4F57-9516-B05E11A12EE4}.Release|Any CPU.ActiveCfg = Release|Any CPU
		{D99A08D9-DA62-4F57-9516-B05E11A12EE4}.Release|Any CPU.Build.0 = Release|Any CPU
		{F3453AE6-90E4-41B1-A31B-DEC4123F8422}.Debug|Any CPU.ActiveCfg = Debug|Any CPU
		{F3453AE6-90E4-41B1-A31B-DEC4123F8422}.Debug|Any CPU.Build.0 = Debug|Any CPU
		{F3453AE6-90E4-41B1-A31B-DEC4123F8422}.Release|Any CPU.ActiveCfg = Release|Any CPU
		{F3453AE6-90E4-41B1-A31B-DEC4123F8422}.Release|Any CPU.Build.0 = Release|Any CPU
		{5A0A54AC-473E-4C3B-9C79-97D0149DAC6E}.Debug|Any CPU.ActiveCfg = Debug|Any CPU
		{5A0A54AC-473E-4C3B-9C79-97D0149DAC6E}.Debug|Any CPU.Build.0 = Debug|Any CPU
		{5A0A54AC-473E-4C3B-9C79-97D0149DAC6E}.Release|Any CPU.ActiveCfg = Release|Any CPU
		{5A0A54AC-473E-4C3B-9C79-97D0149DAC6E}.Release|Any CPU.Build.0 = Release|Any CPU
		{15D2EA22-A4F7-4806-8D8C-227A450BCF50}.Debug|Any CPU.ActiveCfg = Debug|Any CPU
		{15D2EA22-A4F7-4806-8D8C-227A450BCF50}.Debug|Any CPU.Build.0 = Debug|Any CPU
		{15D2EA22-A4F7-4806-8D8C-227A450BCF50}.Release|Any CPU.ActiveCfg = Release|Any CPU
		{15D2EA22-A4F7-4806-8D8C-227A450BCF50}.Release|Any CPU.Build.0 = Release|Any CPU
		{0F9B03FF-CD3C-4019-A3F5-6D67413639E4}.Debug|Any CPU.ActiveCfg = Debug|Any CPU
		{0F9B03FF-CD3C-4019-A3F5-6D67413639E4}.Debug|Any CPU.Build.0 = Debug|Any CPU
		{0F9B03FF-CD3C-4019-A3F5-6D67413639E4}.Release|Any CPU.ActiveCfg = Release|Any CPU
		{0F9B03FF-CD3C-4019-A3F5-6D67413639E4}.Release|Any CPU.Build.0 = Release|Any CPU
	EndGlobalSection
	GlobalSection(NestedProjects) = preSolution
		{509FED5A-C49A-482B-9B5F-BD3CE02CF2EA} = {717A5123-2DC4-4038-8F35-F6C97789740F}
		{A77A6446-179D-4C17-B23D-450524185EB2} = {717A5123-2DC4-4038-8F35-F6C97789740F}
		{F2FB6DE2-D278-4BF6-92C1-E5AA2DFD6B27} = {717A5123-2DC4-4038-8F35-F6C97789740F}
		{D2D8B388-5CD7-4638-9D01-F8C967BAB986} = {717A5123-2DC4-4038-8F35-F6C97789740F}
		{331D569F-D4DA-4DDA-8BA5-9A3EA9C53772} = {D2D8B388-5CD7-4638-9D01-F8C967BAB986}
		{D99A08D9-DA62-4F57-9516-B05E11A12EE4} = {D2D8B388-5CD7-4638-9D01-F8C967BAB986}
		{D9D64ED4-711D-4330-BE62-D6991B52C76C} = {717A5123-2DC4-4038-8F35-F6C97789740F}
		{F3453AE6-90E4-41B1-A31B-DEC4123F8422} = {D9D64ED4-711D-4330-BE62-D6991B52C76C}
		{5A0A54AC-473E-4C3B-9C79-97D0149DAC6E} = {D9D64ED4-711D-4330-BE62-D6991B52C76C}
		{15D2EA22-A4F7-4806-8D8C-227A450BCF50} = {D9D64ED4-711D-4330-BE62-D6991B52C76C}
		{0F9B03FF-CD3C-4019-A3F5-6D67413639E4} = {481A94EB-7E38-4262-8CEC-B550CB7B80A0}
	EndGlobalSection
EndGlobal
